
Microsoft Visual Studio Solution File, Format Version 12.00
# Visual Studio 2012
Project("{FAE04EC0-301F-11D3-BF4B-00C04F79EFBC}") = "HDDT", "HDDT.csproj", "{162423EA-303D-470B-8FB8-E519D191D542}"
EndProject
Project("{FAE04EC0-301F-11D3-BF4B-00C04F79EFBC}") = "libSin", "..\libSin\libSin.csproj", "{9F98552D-0E60-4ABE-9B56-5DB7EC8E3104}"
EndProject
Global
	GlobalSection(SolutionConfigurationPlatforms) = preSolution
		Debug|Any CPU = Debug|Any CPU
		Release|Any CPU = Release|Any CPU
	EndGlobalSection
	GlobalSection(ProjectConfigurationPlatforms) = postSolution
		{162423EA-303D-470B-8FB8-E519D191D542}.Debug|Any CPU.ActiveCfg = Debug|Any CPU
		{162423EA-303D-470B-8FB8-E519D191D542}.Debug|Any CPU.Build.0 = Debug|Any CPU
		{162423EA-303D-470B-8FB8-E519D191D542}.Release|Any CPU.ActiveCfg = Release|Any CPU
		{162423EA-303D-470B-8FB8-E519D191D542}.Release|Any CPU.Build.0 = Release|Any CPU
		{9F98552D-0E60-4ABE-9B56-5DB7EC8E3104}.Debug|Any CPU.ActiveCfg = Debug|Any CPU
		{9F98552D-0E60-4ABE-9B56-5DB7EC8E3104}.Debug|Any CPU.Build.0 = Debug|Any CPU
		{9F98552D-0E60-4ABE-9B56-5DB7EC8E3104}.Release|Any CPU.ActiveCfg = Release|Any CPU
		{9F98552D-0E60-4ABE-9B56-5DB7EC8E3104}.Release|Any CPU.Build.0 = Release|Any CPU
	EndGlobalSection
	GlobalSection(SolutionProperties) = preSolution
		HideSolutionNode = FALSE
	EndGlobalSection
EndGlobal
